// !$*UTF8*$!
{
	archiveVersion = 1;
	classes = {
	};
	objectVersion = 56;
	objects = {

/* Begin PBXBuildFile section */
		89651F3129309D94006F3CB7 /* WeekForecastViewController.swift in Sources */ = {isa = PBXBuildFile; fileRef = 89651F3029309D94006F3CB7 /* WeekForecastViewController.swift */; };
		89651F3329309DAD006F3CB7 /* WeekForecastViewController+Extension.swift in Sources */ = {isa = PBXBuildFile; fileRef = 89651F3229309DAD006F3CB7 /* WeekForecastViewController+Extension.swift */; };
		89651F3529309DBB006F3CB7 /* WeekForecastViewController+TableView.swift in Sources */ = {isa = PBXBuildFile; fileRef = 89651F3429309DBB006F3CB7 /* WeekForecastViewController+TableView.swift */; };
		89651F3729309DD8006F3CB7 /* WeekForecastView.swift in Sources */ = {isa = PBXBuildFile; fileRef = 89651F3629309DD8006F3CB7 /* WeekForecastView.swift */; };
		89651F3929309DED006F3CB7 /* WeekForecastPresenter.swift in Sources */ = {isa = PBXBuildFile; fileRef = 89651F3829309DED006F3CB7 /* WeekForecastPresenter.swift */; };
		89651F3B29309DF7006F3CB7 /* WeekForecastBuilder.swift in Sources */ = {isa = PBXBuildFile; fileRef = 89651F3A29309DF7006F3CB7 /* WeekForecastBuilder.swift */; };
		89651F3E29309E24006F3CB7 /* WeekForecastCell.swift in Sources */ = {isa = PBXBuildFile; fileRef = 89651F3D29309E24006F3CB7 /* WeekForecastCell.swift */; };
		89CA43E52930001800CD865A /* AppDelegate.swift in Sources */ = {isa = PBXBuildFile; fileRef = 89CA43E42930001800CD865A /* AppDelegate.swift */; };
		89CA43F12930001900CD865A /* Assets.xcassets in Resources */ = {isa = PBXBuildFile; fileRef = 89CA43F02930001900CD865A /* Assets.xcassets */; };
		89CA43F42930001900CD865A /* LaunchScreen.storyboard in Resources */ = {isa = PBXBuildFile; fileRef = 89CA43F22930001900CD865A /* LaunchScreen.storyboard */; };
		89CA4402293003AE00CD865A /* WeatherModel.swift in Sources */ = {isa = PBXBuildFile; fileRef = 89CA4401293003AE00CD865A /* WeatherModel.swift */; };
		89CA44042930086700CD865A /* TestTaskJSON.json in Resources */ = {isa = PBXBuildFile; fileRef = 89CA44032930086700CD865A /* TestTaskJSON.json */; };
		89CA44062930098000CD865A /* WeatherStructure.swift in Sources */ = {isa = PBXBuildFile; fileRef = 89CA44052930098000CD865A /* WeatherStructure.swift */; };
		89CA440929300EE800CD865A /* WeatherTypeEnum.swift in Sources */ = {isa = PBXBuildFile; fileRef = 89CA440829300EE800CD865A /* WeatherTypeEnum.swift */; };
		89CA440B29300F3400CD865A /* WeatherRepository.swift in Sources */ = {isa = PBXBuildFile; fileRef = 89CA440A29300F3400CD865A /* WeatherRepository.swift */; };
		89CA440D293011DB00CD865A /* AppErrors.swift in Sources */ = {isa = PBXBuildFile; fileRef = 89CA440C293011DB00CD865A /* AppErrors.swift */; };
		89CA44102930146800CD865A /* AlertManager.swift in Sources */ = {isa = PBXBuildFile; fileRef = 89CA440F2930146800CD865A /* AlertManager.swift */; };
		89CA4412293014C200CD865A /* DateFormatter.swift in Sources */ = {isa = PBXBuildFile; fileRef = 89CA4411293014C200CD865A /* DateFormatter.swift */; };
		89CA441429301E0A00CD865A /* CityInfoStructure.swift in Sources */ = {isa = PBXBuildFile; fileRef = 89CA441329301E0A00CD865A /* CityInfoStructure.swift */; };
		89CA441629302A1E00CD865A /* CityInfoViewController.swift in Sources */ = {isa = PBXBuildFile; fileRef = 89CA441529302A1E00CD865A /* CityInfoViewController.swift */; };
		89CA441829302A3900CD865A /* CityInfoView.swift in Sources */ = {isa = PBXBuildFile; fileRef = 89CA441729302A3900CD865A /* CityInfoView.swift */; };
		89CA441A29302A8B00CD865A /* CityInfoViewController+Extension.swift in Sources */ = {isa = PBXBuildFile; fileRef = 89CA441929302A8B00CD865A /* CityInfoViewController+Extension.swift */; };
		89CA441C29302AA700CD865A /* CityInfoPresenter.swift in Sources */ = {isa = PBXBuildFile; fileRef = 89CA441B29302AA700CD865A /* CityInfoPresenter.swift */; };
		89CA441E29302DCB00CD865A /* CityInfoBuilder.swift in Sources */ = {isa = PBXBuildFile; fileRef = 89CA441D29302DCB00CD865A /* CityInfoBuilder.swift */; };
		89CA442029303AF400CD865A /* WeatherViewController.swift in Sources */ = {isa = PBXBuildFile; fileRef = 89CA441F29303AF400CD865A /* WeatherViewController.swift */; };
		89CA442229303B0700CD865A /* WeatherViewController+Extension.swift in Sources */ = {isa = PBXBuildFile; fileRef = 89CA442129303B0700CD865A /* WeatherViewController+Extension.swift */; };
		89CA442429303B3900CD865A /* WeatherView.swift in Sources */ = {isa = PBXBuildFile; fileRef = 89CA442329303B3900CD865A /* WeatherView.swift */; };
		89CA442629303B4D00CD865A /* WeatherPresenter.swift in Sources */ = {isa = PBXBuildFile; fileRef = 89CA442529303B4D00CD865A /* WeatherPresenter.swift */; };
		89CA442829303B5800CD865A /* WeatherBuilder.swift in Sources */ = {isa = PBXBuildFile; fileRef = 89CA442729303B5800CD865A /* WeatherBuilder.swift */; };
		89CA4438293055A500CD865A /* Localizable.strings in Resources */ = {isa = PBXBuildFile; fileRef = 89CA443A293055A500CD865A /* Localizable.strings */; };
		89CA443D2930582100CD865A /* DayForecastStructure.swift in Sources */ = {isa = PBXBuildFile; fileRef = 89CA443C2930582100CD865A /* DayForecastStructure.swift */; };
		89CA443F2930589900CD865A /* DayForecastViewController.swift in Sources */ = {isa = PBXBuildFile; fileRef = 89CA443E2930589900CD865A /* DayForecastViewController.swift */; };
		89CA4441293058AA00CD865A /* DayForecastViewController+Extension.swift in Sources */ = {isa = PBXBuildFile; fileRef = 89CA4440293058AA00CD865A /* DayForecastViewController+Extension.swift */; };
		89CA4443293058B600CD865A /* DayForecastViewController+CollectionView.swift in Sources */ = {isa = PBXBuildFile; fileRef = 89CA4442293058B600CD865A /* DayForecastViewController+CollectionView.swift */; };
		89CA4445293058D100CD865A /* DayForecastView.swift in Sources */ = {isa = PBXBuildFile; fileRef = 89CA4444293058D100CD865A /* DayForecastView.swift */; };
		89CA4447293058E000CD865A /* DayForecastPresenter.swift in Sources */ = {isa = PBXBuildFile; fileRef = 89CA4446293058E000CD865A /* DayForecastPresenter.swift */; };
		89CA4449293058EB00CD865A /* DayForecastBuilder.swift in Sources */ = {isa = PBXBuildFile; fileRef = 89CA4448293058EB00CD865A /* DayForecastBuilder.swift */; };
		89CA444C29305D6600CD865A /* DayForecastCell.swift in Sources */ = {isa = PBXBuildFile; fileRef = 89CA444B29305D6600CD865A /* DayForecastCell.swift */; };
/* End PBXBuildFile section */

/* Begin PBXFileReference section */
		89651F3029309D94006F3CB7 /* WeekForecastViewController.swift */ = {isa = PBXFileReference; lastKnownFileType = sourcecode.swift; path = WeekForecastViewController.swift; sourceTree = "<group>"; };
		89651F3229309DAD006F3CB7 /* WeekForecastViewController+Extension.swift */ = {isa = PBXFileReference; lastKnownFileType = sourcecode.swift; path = "WeekForecastViewController+Extension.swift"; sourceTree = "<group>"; };
		89651F3429309DBB006F3CB7 /* WeekForecastViewController+TableView.swift */ = {isa = PBXFileReference; lastKnownFileType = sourcecode.swift; path = "WeekForecastViewController+TableView.swift"; sourceTree = "<group>"; };
		89651F3629309DD8006F3CB7 /* WeekForecastView.swift */ = {isa = PBXFileReference; lastKnownFileType = sourcecode.swift; path = WeekForecastView.swift; sourceTree = "<group>"; };
		89651F3829309DED006F3CB7 /* WeekForecastPresenter.swift */ = {isa = PBXFileReference; lastKnownFileType = sourcecode.swift; path = WeekForecastPresenter.swift; sourceTree = "<group>"; };
		89651F3A29309DF7006F3CB7 /* WeekForecastBuilder.swift */ = {isa = PBXFileReference; lastKnownFileType = sourcecode.swift; path = WeekForecastBuilder.swift; sourceTree = "<group>"; };
		89651F3D29309E24006F3CB7 /* WeekForecastCell.swift */ = {isa = PBXFileReference; lastKnownFileType = sourcecode.swift; path = WeekForecastCell.swift; sourceTree = "<group>"; };
		89CA43E12930001800CD865A /* WeatherTestApp.app */ = {isa = PBXFileReference; explicitFileType = wrapper.application; includeInIndex = 0; path = WeatherTestApp.app; sourceTree = BUILT_PRODUCTS_DIR; };
		89CA43E42930001800CD865A /* AppDelegate.swift */ = {isa = PBXFileReference; lastKnownFileType = sourcecode.swift; path = AppDelegate.swift; sourceTree = "<group>"; };
		89CA43F02930001900CD865A /* Assets.xcassets */ = {isa = PBXFileReference; lastKnownFileType = folder.assetcatalog; path = Assets.xcassets; sourceTree = "<group>"; };
		89CA43F32930001900CD865A /* Base */ = {isa = PBXFileReference; lastKnownFileType = file.storyboard; name = Base; path = Base.lproj/LaunchScreen.storyboard; sourceTree = "<group>"; };
		89CA43F52930001900CD865A /* Info.plist */ = {isa = PBXFileReference; lastKnownFileType = text.plist.xml; path = Info.plist; sourceTree = "<group>"; };
		89CA4401293003AE00CD865A /* WeatherModel.swift */ = {isa = PBXFileReference; lastKnownFileType = sourcecode.swift; path = WeatherModel.swift; sourceTree = "<group>"; };
		89CA44032930086700CD865A /* TestTaskJSON.json */ = {isa = PBXFileReference; fileEncoding = 4; lastKnownFileType = text.json; name = TestTaskJSON.json; path = WeatherTestApp/TestTaskJSON.json; sourceTree = "<group>"; };
		89CA44052930098000CD865A /* WeatherStructure.swift */ = {isa = PBXFileReference; lastKnownFileType = sourcecode.swift; path = WeatherStructure.swift; sourceTree = "<group>"; };
		89CA440829300EE800CD865A /* WeatherTypeEnum.swift */ = {isa = PBXFileReference; lastKnownFileType = sourcecode.swift; path = WeatherTypeEnum.swift; sourceTree = "<group>"; };
		89CA440A29300F3400CD865A /* WeatherRepository.swift */ = {isa = PBXFileReference; lastKnownFileType = sourcecode.swift; path = WeatherRepository.swift; sourceTree = "<group>"; };
		89CA440C293011DB00CD865A /* AppErrors.swift */ = {isa = PBXFileReference; lastKnownFileType = sourcecode.swift; path = AppErrors.swift; sourceTree = "<group>"; };
		89CA440F2930146800CD865A /* AlertManager.swift */ = {isa = PBXFileReference; lastKnownFileType = sourcecode.swift; path = AlertManager.swift; sourceTree = "<group>"; };
		89CA4411293014C200CD865A /* DateFormatter.swift */ = {isa = PBXFileReference; lastKnownFileType = sourcecode.swift; path = DateFormatter.swift; sourceTree = "<group>"; };
		89CA441329301E0A00CD865A /* CityInfoStructure.swift */ = {isa = PBXFileReference; lastKnownFileType = sourcecode.swift; path = CityInfoStructure.swift; sourceTree = "<group>"; };
		89CA441529302A1E00CD865A /* CityInfoViewController.swift */ = {isa = PBXFileReference; lastKnownFileType = sourcecode.swift; path = CityInfoViewController.swift; sourceTree = "<group>"; };
		89CA441729302A3900CD865A /* CityInfoView.swift */ = {isa = PBXFileReference; lastKnownFileType = sourcecode.swift; path = CityInfoView.swift; sourceTree = "<group>"; };
		89CA441929302A8B00CD865A /* CityInfoViewController+Extension.swift */ = {isa = PBXFileReference; lastKnownFileType = sourcecode.swift; path = "CityInfoViewController+Extension.swift"; sourceTree = "<group>"; };
		89CA441B29302AA700CD865A /* CityInfoPresenter.swift */ = {isa = PBXFileReference; lastKnownFileType = sourcecode.swift; path = CityInfoPresenter.swift; sourceTree = "<group>"; };
		89CA441D29302DCB00CD865A /* CityInfoBuilder.swift */ = {isa = PBXFileReference; lastKnownFileType = sourcecode.swift; path = CityInfoBuilder.swift; sourceTree = "<group>"; };
		89CA441F29303AF400CD865A /* WeatherViewController.swift */ = {isa = PBXFileReference; lastKnownFileType = sourcecode.swift; path = WeatherViewController.swift; sourceTree = "<group>"; };
		89CA442129303B0700CD865A /* WeatherViewController+Extension.swift */ = {isa = PBXFileReference; lastKnownFileType = sourcecode.swift; path = "WeatherViewController+Extension.swift"; sourceTree = "<group>"; };
		89CA442329303B3900CD865A /* WeatherView.swift */ = {isa = PBXFileReference; lastKnownFileType = sourcecode.swift; path = WeatherView.swift; sourceTree = "<group>"; };
		89CA442529303B4D00CD865A /* WeatherPresenter.swift */ = {isa = PBXFileReference; lastKnownFileType = sourcecode.swift; path = WeatherPresenter.swift; sourceTree = "<group>"; };
		89CA442729303B5800CD865A /* WeatherBuilder.swift */ = {isa = PBXFileReference; lastKnownFileType = sourcecode.swift; path = WeatherBuilder.swift; sourceTree = "<group>"; };
		89CA4439293055A500CD865A /* en */ = {isa = PBXFileReference; lastKnownFileType = text.plist.strings; name = en; path = en.lproj/Localizable.strings; sourceTree = "<group>"; };
		89CA443B293055BB00CD865A /* ru */ = {isa = PBXFileReference; lastKnownFileType = text.plist.strings; name = ru; path = ru.lproj/Localizable.strings; sourceTree = "<group>"; };
		89CA443C2930582100CD865A /* DayForecastStructure.swift */ = {isa = PBXFileReference; lastKnownFileType = sourcecode.swift; path = DayForecastStructure.swift; sourceTree = "<group>"; };
		89CA443E2930589900CD865A /* DayForecastViewController.swift */ = {isa = PBXFileReference; lastKnownFileType = sourcecode.swift; path = DayForecastViewController.swift; sourceTree = "<group>"; };
		89CA4440293058AA00CD865A /* DayForecastViewController+Extension.swift */ = {isa = PBXFileReference; lastKnownFileType = sourcecode.swift; path = "DayForecastViewController+Extension.swift"; sourceTree = "<group>"; };
		89CA4442293058B600CD865A /* DayForecastViewController+CollectionView.swift */ = {isa = PBXFileReference; lastKnownFileType = sourcecode.swift; path = "DayForecastViewController+CollectionView.swift"; sourceTree = "<group>"; };
		89CA4444293058D100CD865A /* DayForecastView.swift */ = {isa = PBXFileReference; lastKnownFileType = sourcecode.swift; path = DayForecastView.swift; sourceTree = "<group>"; };
		89CA4446293058E000CD865A /* DayForecastPresenter.swift */ = {isa = PBXFileReference; lastKnownFileType = sourcecode.swift; path = DayForecastPresenter.swift; sourceTree = "<group>"; };
		89CA4448293058EB00CD865A /* DayForecastBuilder.swift */ = {isa = PBXFileReference; lastKnownFileType = sourcecode.swift; path = DayForecastBuilder.swift; sourceTree = "<group>"; };
		89CA444B29305D6600CD865A /* DayForecastCell.swift */ = {isa = PBXFileReference; lastKnownFileType = sourcecode.swift; path = DayForecastCell.swift; sourceTree = "<group>"; };
/* End PBXFileReference section */

/* Begin PBXFrameworksBuildPhase section */
		89CA43DE2930001800CD865A /* Frameworks */ = {
			isa = PBXFrameworksBuildPhase;
			buildActionMask = 2147483647;
			files = (
			);
			runOnlyForDeploymentPostprocessing = 0;
		};
/* End PBXFrameworksBuildPhase section */

/* Begin PBXGroup section */
		89651F3C29309E02006F3CB7 /* Cells */ = {
			isa = PBXGroup;
			children = (
				89651F3D29309E24006F3CB7 /* WeekForecastCell.swift */,
			);
			path = Cells;
			sourceTree = "<group>";
		};
		89CA43D82930001800CD865A = {
			isa = PBXGroup;
			children = (
				89CA44032930086700CD865A /* TestTaskJSON.json */,
				89CA44352930559100CD865A /* Localization */,
				89CA43E32930001800CD865A /* WeatherTestApp */,
				89CA43E22930001800CD865A /* Products */,
			);
			sourceTree = "<group>";
		};
		89CA43E22930001800CD865A /* Products */ = {
			isa = PBXGroup;
			children = (
				89CA43E12930001800CD865A /* WeatherTestApp.app */,
			);
			name = Products;
			sourceTree = "<group>";
		};
		89CA43E32930001800CD865A /* WeatherTestApp */ = {
			isa = PBXGroup;
			children = (
				89CA440E2930145F00CD865A /* CustomTools */,
				89CA440729300EE000CD865A /* Enums */,
				89CA44002930035D00CD865A /* ContentTemplates */,
				89CA43FB293002C700CD865A /* WeatherScreen */,
				89CA43FF2930031300CD865A /* Models */,
				89CA43E42930001800CD865A /* AppDelegate.swift */,
				89CA43F02930001900CD865A /* Assets.xcassets */,
				89CA43F22930001900CD865A /* LaunchScreen.storyboard */,
				89CA43F52930001900CD865A /* Info.plist */,
			);
			path = WeatherTestApp;
			sourceTree = "<group>";
		};
		89CA43FB293002C700CD865A /* WeatherScreen */ = {
			isa = PBXGroup;
			children = (
				89CA44052930098000CD865A /* WeatherStructure.swift */,
				89CA440A29300F3400CD865A /* WeatherRepository.swift */,
				89CA441F29303AF400CD865A /* WeatherViewController.swift */,
				89CA442129303B0700CD865A /* WeatherViewController+Extension.swift */,
				89CA442329303B3900CD865A /* WeatherView.swift */,
				89CA442529303B4D00CD865A /* WeatherPresenter.swift */,
				89CA442729303B5800CD865A /* WeatherBuilder.swift */,
				89CA43FE293002EB00CD865A /* CityInfoViewController */,
				89CA43FD293002DF00CD865A /* DayForecastViewController */,
				89CA43FC293002D000CD865A /* WeekForecastViewController */,
			);
			path = WeatherScreen;
			sourceTree = "<group>";
		};
		89CA43FC293002D000CD865A /* WeekForecastViewController */ = {
			isa = PBXGroup;
			children = (
				89651F3029309D94006F3CB7 /* WeekForecastViewController.swift */,
				89651F3229309DAD006F3CB7 /* WeekForecastViewController+Extension.swift */,
				89651F3429309DBB006F3CB7 /* WeekForecastViewController+TableView.swift */,
				89651F3629309DD8006F3CB7 /* WeekForecastView.swift */,
				89651F3829309DED006F3CB7 /* WeekForecastPresenter.swift */,
				89651F3A29309DF7006F3CB7 /* WeekForecastBuilder.swift */,
				89651F3C29309E02006F3CB7 /* Cells */,
			);
			path = WeekForecastViewController;
			sourceTree = "<group>";
		};
		89CA43FD293002DF00CD865A /* DayForecastViewController */ = {
			isa = PBXGroup;
			children = (
				89CA443C2930582100CD865A /* DayForecastStructure.swift */,
				89CA443E2930589900CD865A /* DayForecastViewController.swift */,
				89CA4440293058AA00CD865A /* DayForecastViewController+Extension.swift */,
				89CA4442293058B600CD865A /* DayForecastViewController+CollectionView.swift */,
				89CA4444293058D100CD865A /* DayForecastView.swift */,
				89CA4446293058E000CD865A /* DayForecastPresenter.swift */,
				89CA4448293058EB00CD865A /* DayForecastBuilder.swift */,
				89CA444A2930596C00CD865A /* Cells */,
			);
			path = DayForecastViewController;
			sourceTree = "<group>";
		};
		89CA43FE293002EB00CD865A /* CityInfoViewController */ = {
			isa = PBXGroup;
			children = (
				89CA441329301E0A00CD865A /* CityInfoStructure.swift */,
				89CA441529302A1E00CD865A /* CityInfoViewController.swift */,
				89CA441929302A8B00CD865A /* CityInfoViewController+Extension.swift */,
				89CA441729302A3900CD865A /* CityInfoView.swift */,
				89CA441B29302AA700CD865A /* CityInfoPresenter.swift */,
				89CA441D29302DCB00CD865A /* CityInfoBuilder.swift */,
			);
			path = CityInfoViewController;
			sourceTree = "<group>";
		};
		89CA43FF2930031300CD865A /* Models */ = {
			isa = PBXGroup;
			children = (
				89CA4401293003AE00CD865A /* WeatherModel.swift */,
			);
			path = Models;
			sourceTree = "<group>";
		};
		89CA44002930035D00CD865A /* ContentTemplates */ = {
			isa = PBXGroup;
			children = (
			);
			path = ContentTemplates;
			sourceTree = "<group>";
		};
		89CA440729300EE000CD865A /* Enums */ = {
			isa = PBXGroup;
			children = (
				89CA440829300EE800CD865A /* WeatherTypeEnum.swift */,
				89CA440C293011DB00CD865A /* AppErrors.swift */,
			);
			path = Enums;
			sourceTree = "<group>";
		};
		89CA440E2930145F00CD865A /* CustomTools */ = {
			isa = PBXGroup;
			children = (
				89CA440F2930146800CD865A /* AlertManager.swift */,
				89CA4411293014C200CD865A /* DateFormatter.swift */,
			);
			path = CustomTools;
			sourceTree = "<group>";
		};
		89CA44352930559100CD865A /* Localization */ = {
			isa = PBXGroup;
			children = (
				89CA443A293055A500CD865A /* Localizable.strings */,
			);
			path = Localization;
			sourceTree = "<group>";
		};
		89CA444A2930596C00CD865A /* Cells */ = {
			isa = PBXGroup;
			children = (
				89CA444B29305D6600CD865A /* DayForecastCell.swift */,
			);
			path = Cells;
			sourceTree = "<group>";
		};
/* End PBXGroup section */

/* Begin PBXNativeTarget section */
		89CA43E02930001800CD865A /* WeatherTestApp */ = {
			isa = PBXNativeTarget;
			buildConfigurationList = 89CA43F82930001900CD865A /* Build configuration list for PBXNativeTarget "WeatherTestApp" */;
			buildPhases = (
				89CA43DD2930001800CD865A /* Sources */,
				89CA43DE2930001800CD865A /* Frameworks */,
				89CA43DF2930001800CD865A /* Resources */,
			);
			buildRules = (
			);
			dependencies = (
			);
			name = WeatherTestApp;
			productName = WeatherTestApp;
			productReference = 89CA43E12930001800CD865A /* WeatherTestApp.app */;
			productType = "com.apple.product-type.application";
		};
/* End PBXNativeTarget section */

/* Begin PBXProject section */
		89CA43D92930001800CD865A /* Project object */ = {
			isa = PBXProject;
			attributes = {
				BuildIndependentTargetsInParallel = 1;
				LastSwiftUpdateCheck = 1410;
				LastUpgradeCheck = 1410;
				TargetAttributes = {
					89CA43E02930001800CD865A = {
						CreatedOnToolsVersion = 14.1;
					};
				};
			};
			buildConfigurationList = 89CA43DC2930001800CD865A /* Build configuration list for PBXProject "WeatherTestApp" */;
			compatibilityVersion = "Xcode 14.0";
			developmentRegion = en;
			hasScannedForEncodings = 0;
			knownRegions = (
				en,
				Base,
				ru,
			);
			mainGroup = 89CA43D82930001800CD865A;
			productRefGroup = 89CA43E22930001800CD865A /* Products */;
			projectDirPath = "";
			projectRoot = "";
			targets = (
				89CA43E02930001800CD865A /* WeatherTestApp */,
			);
		};
/* End PBXProject section */

/* Begin PBXResourcesBuildPhase section */
		89CA43DF2930001800CD865A /* Resources */ = {
			isa = PBXResourcesBuildPhase;
			buildActionMask = 2147483647;
			files = (
				89CA44042930086700CD865A /* TestTaskJSON.json in Resources */,
				89CA4438293055A500CD865A /* Localizable.strings in Resources */,
				89CA43F42930001900CD865A /* LaunchScreen.storyboard in Resources */,
				89CA43F12930001900CD865A /* Assets.xcassets in Resources */,
			);
			runOnlyForDeploymentPostprocessing = 0;
		};
/* End PBXResourcesBuildPhase section */

/* Begin PBXSourcesBuildPhase section */
		89CA43DD2930001800CD865A /* Sources */ = {
			isa = PBXSourcesBuildPhase;
			buildActionMask = 2147483647;
			files = (
				89651F3E29309E24006F3CB7 /* WeekForecastCell.swift in Sources */,
				89CA440D293011DB00CD865A /* AppErrors.swift in Sources */,
				89CA442029303AF400CD865A /* WeatherViewController.swift in Sources */,
				89CA441429301E0A00CD865A /* CityInfoStructure.swift in Sources */,
				89CA440B29300F3400CD865A /* WeatherRepository.swift in Sources */,
				89CA441829302A3900CD865A /* CityInfoView.swift in Sources */,
				89CA442629303B4D00CD865A /* WeatherPresenter.swift in Sources */,
				89651F3329309DAD006F3CB7 /* WeekForecastViewController+Extension.swift in Sources */,
				89CA442829303B5800CD865A /* WeatherBuilder.swift in Sources */,
				89CA4445293058D100CD865A /* DayForecastView.swift in Sources */,
				89CA441C29302AA700CD865A /* CityInfoPresenter.swift in Sources */,
				89CA44062930098000CD865A /* WeatherStructure.swift in Sources */,
				89651F3129309D94006F3CB7 /* WeekForecastViewController.swift in Sources */,
				89CA442429303B3900CD865A /* WeatherView.swift in Sources */,
				89CA443D2930582100CD865A /* DayForecastStructure.swift in Sources */,
				89CA4441293058AA00CD865A /* DayForecastViewController+Extension.swift in Sources */,
				89CA444C29305D6600CD865A /* DayForecastCell.swift in Sources */,
				89CA440929300EE800CD865A /* WeatherTypeEnum.swift in Sources */,
				89651F3929309DED006F3CB7 /* WeekForecastPresenter.swift in Sources */,
				89651F3529309DBB006F3CB7 /* WeekForecastViewController+TableView.swift in Sources */,
				89CA4449293058EB00CD865A /* DayForecastBuilder.swift in Sources */,
				89CA443F2930589900CD865A /* DayForecastViewController.swift in Sources */,
				89651F3B29309DF7006F3CB7 /* WeekForecastBuilder.swift in Sources */,
				89CA4412293014C200CD865A /* DateFormatter.swift in Sources */,
				89651F3729309DD8006F3CB7 /* WeekForecastView.swift in Sources */,
				89CA4443293058B600CD865A /* DayForecastViewController+CollectionView.swift in Sources */,
				89CA442229303B0700CD865A /* WeatherViewController+Extension.swift in Sources */,
				89CA4402293003AE00CD865A /* WeatherModel.swift in Sources */,
				89CA43E52930001800CD865A /* AppDelegate.swift in Sources */,
				89CA441E29302DCB00CD865A /* CityInfoBuilder.swift in Sources */,
				89CA44102930146800CD865A /* AlertManager.swift in Sources */,
				89CA441629302A1E00CD865A /* CityInfoViewController.swift in Sources */,
				89CA4447293058E000CD865A /* DayForecastPresenter.swift in Sources */,
				89CA441A29302A8B00CD865A /* CityInfoViewController+Extension.swift in Sources */,
			);
			runOnlyForDeploymentPostprocessing = 0;
		};
/* End PBXSourcesBuildPhase section */

/* Begin PBXVariantGroup section */
		89CA43F22930001900CD865A /* LaunchScreen.storyboard */ = {
			isa = PBXVariantGroup;
			children = (
				89CA43F32930001900CD865A /* Base */,
			);
			name = LaunchScreen.storyboard;
			sourceTree = "<group>";
		};
		89CA443A293055A500CD865A /* Localizable.strings */ = {
			isa = PBXVariantGroup;
			children = (
				89CA4439293055A500CD865A /* en */,
				89CA443B293055BB00CD865A /* ru */,
			);
			name = Localizable.strings;
			sourceTree = "<group>";
		};
/* End PBXVariantGroup section */

/* Begin XCBuildConfiguration section */
		89CA43F62930001900CD865A /* Debug */ = {
			isa = XCBuildConfiguration;
			buildSettings = {
				ALWAYS_SEARCH_USER_PATHS = NO;
				CLANG_ANALYZER_LOCALIZABILITY_NONLOCALIZED = YES;
				CLANG_ANALYZER_NONNULL = YES;
				CLANG_ANALYZER_NUMBER_OBJECT_CONVERSION = YES_AGGRESSIVE;
				CLANG_CXX_LANGUAGE_STANDARD = "gnu++20";
				CLANG_ENABLE_MODULES = YES;
				CLANG_ENABLE_OBJC_ARC = YES;
				CLANG_ENABLE_OBJC_WEAK = YES;
				CLANG_WARN_BLOCK_CAPTURE_AUTORELEASING = YES;
				CLANG_WARN_BOOL_CONVERSION = YES;
				CLANG_WARN_COMMA = YES;
				CLANG_WARN_CONSTANT_CONVERSION = YES;
				CLANG_WARN_DEPRECATED_OBJC_IMPLEMENTATIONS = YES;
				CLANG_WARN_DIRECT_OBJC_ISA_USAGE = YES_ERROR;
				CLANG_WARN_DOCUMENTATION_COMMENTS = YES;
				CLANG_WARN_EMPTY_BODY = YES;
				CLANG_WARN_ENUM_CONVERSION = YES;
				CLANG_WARN_INFINITE_RECURSION = YES;
				CLANG_WARN_INT_CONVERSION = YES;
				CLANG_WARN_NON_LITERAL_NULL_CONVERSION = YES;
				CLANG_WARN_OBJC_IMPLICIT_RETAIN_SELF = YES;
				CLANG_WARN_OBJC_LITERAL_CONVERSION = YES;
				CLANG_WARN_OBJC_ROOT_CLASS = YES_ERROR;
				CLANG_WARN_QUOTED_INCLUDE_IN_FRAMEWORK_HEADER = YES;
				CLANG_WARN_RANGE_LOOP_ANALYSIS = YES;
				CLANG_WARN_STRICT_PROTOTYPES = YES;
				CLANG_WARN_SUSPICIOUS_MOVE = YES;
				CLANG_WARN_UNGUARDED_AVAILABILITY = YES_AGGRESSIVE;
				CLANG_WARN_UNREACHABLE_CODE = YES;
				CLANG_WARN__DUPLICATE_METHOD_MATCH = YES;
				COPY_PHASE_STRIP = NO;
				DEBUG_INFORMATION_FORMAT = dwarf;
				ENABLE_STRICT_OBJC_MSGSEND = YES;
				ENABLE_TESTABILITY = YES;
				GCC_C_LANGUAGE_STANDARD = gnu11;
				GCC_DYNAMIC_NO_PIC = NO;
				GCC_NO_COMMON_BLOCKS = YES;
				GCC_OPTIMIZATION_LEVEL = 0;
				GCC_PREPROCESSOR_DEFINITIONS = (
					"DEBUG=1",
					"$(inherited)",
				);
				GCC_WARN_64_TO_32_BIT_CONVERSION = YES;
				GCC_WARN_ABOUT_RETURN_TYPE = YES_ERROR;
				GCC_WARN_UNDECLARED_SELECTOR = YES;
				GCC_WARN_UNINITIALIZED_AUTOS = YES_AGGRESSIVE;
				GCC_WARN_UNUSED_FUNCTION = YES;
				GCC_WARN_UNUSED_VARIABLE = YES;
				IPHONEOS_DEPLOYMENT_TARGET = 13.0;
				MTL_ENABLE_DEBUG_INFO = INCLUDE_SOURCE;
				MTL_FAST_MATH = YES;
				ONLY_ACTIVE_ARCH = YES;
				SDKROOT = iphoneos;
				SWIFT_ACTIVE_COMPILATION_CONDITIONS = DEBUG;
				SWIFT_OPTIMIZATION_LEVEL = "-Onone";
			};
			name = Debug;
		};
		89CA43F72930001900CD865A /* Release */ = {
			isa = XCBuildConfiguration;
			buildSettings = {
				ALWAYS_SEARCH_USER_PATHS = NO;
				CLANG_ANALYZER_LOCALIZABILITY_NONLOCALIZED = YES;
				CLANG_ANALYZER_NONNULL = YES;
				CLANG_ANALYZER_NUMBER_OBJECT_CONVERSION = YES_AGGRESSIVE;
				CLANG_CXX_LANGUAGE_STANDARD = "gnu++20";
				CLANG_ENABLE_MODULES = YES;
				CLANG_ENABLE_OBJC_ARC = YES;
				CLANG_ENABLE_OBJC_WEAK = YES;
				CLANG_WARN_BLOCK_CAPTURE_AUTORELEASING = YES;
				CLANG_WARN_BOOL_CONVERSION = YES;
				CLANG_WARN_COMMA = YES;
				CLANG_WARN_CONSTANT_CONVERSION = YES;
				CLANG_WARN_DEPRECATED_OBJC_IMPLEMENTATIONS = YES;
				CLANG_WARN_DIRECT_OBJC_ISA_USAGE = YES_ERROR;
				CLANG_WARN_DOCUMENTATION_COMMENTS = YES;
				CLANG_WARN_EMPTY_BODY = YES;
				CLANG_WARN_ENUM_CONVERSION = YES;
				CLANG_WARN_INFINITE_RECURSION = YES;
				CLANG_WARN_INT_CONVERSION = YES;
				CLANG_WARN_NON_LITERAL_NULL_CONVERSION = YES;
				CLANG_WARN_OBJC_IMPLICIT_RETAIN_SELF = YES;
				CLANG_WARN_OBJC_LITERAL_CONVERSION = YES;
				CLANG_WARN_OBJC_ROOT_CLASS = YES_ERROR;
				CLANG_WARN_QUOTED_INCLUDE_IN_FRAMEWORK_HEADER = YES;
				CLANG_WARN_RANGE_LOOP_ANALYSIS = YES;
				CLANG_WARN_STRICT_PROTOTYPES = YES;
				CLANG_WARN_SUSPICIOUS_MOVE = YES;
				CLANG_WARN_UNGUARDED_AVAILABILITY = YES_AGGRESSIVE;
				CLANG_WARN_UNREACHABLE_CODE = YES;
				CLANG_WARN__DUPLICATE_METHOD_MATCH = YES;
				COPY_PHASE_STRIP = NO;
				DEBUG_INFORMATION_FORMAT = "dwarf-with-dsym";
				ENABLE_NS_ASSERTIONS = NO;
				ENABLE_STRICT_OBJC_MSGSEND = YES;
				GCC_C_LANGUAGE_STANDARD = gnu11;
				GCC_NO_COMMON_BLOCKS = YES;
				GCC_WARN_64_TO_32_BIT_CONVERSION = YES;
				GCC_WARN_ABOUT_RETURN_TYPE = YES_ERROR;
				GCC_WARN_UNDECLARED_SELECTOR = YES;
				GCC_WARN_UNINITIALIZED_AUTOS = YES_AGGRESSIVE;
				GCC_WARN_UNUSED_FUNCTION = YES;
				GCC_WARN_UNUSED_VARIABLE = YES;
				IPHONEOS_DEPLOYMENT_TARGET = 13.0;
				MTL_ENABLE_DEBUG_INFO = NO;
				MTL_FAST_MATH = YES;
				SDKROOT = iphoneos;
				SWIFT_COMPILATION_MODE = wholemodule;
				SWIFT_OPTIMIZATION_LEVEL = "-O";
				VALIDATE_PRODUCT = YES;
			};
			name = Release;
		};
		89CA43F92930001900CD865A /* Debug */ = {
			isa = XCBuildConfiguration;
			buildSettings = {
				ASSETCATALOG_COMPILER_APPICON_NAME = AppIcon;
				ASSETCATALOG_COMPILER_GLOBAL_ACCENT_COLOR_NAME = AccentColor;
				CODE_SIGN_STYLE = Automatic;
				CURRENT_PROJECT_VERSION = 1;
				DEVELOPMENT_TEAM = 97L2996NM5;
				GENERATE_INFOPLIST_FILE = YES;
				INFOPLIST_FILE = WeatherTestApp/Info.plist;
				INFOPLIST_KEY_CFBundleDisplayName = WeatherTestApp;
				INFOPLIST_KEY_UIApplicationSupportsIndirectInputEvents = YES;
				INFOPLIST_KEY_UILaunchStoryboardName = LaunchScreen;
				INFOPLIST_KEY_UIStatusBarStyle = UIStatusBarStyleDarkContent;
				INFOPLIST_KEY_UISupportedInterfaceOrientations = UIInterfaceOrientationPortrait;
				INFOPLIST_KEY_UISupportedInterfaceOrientations_iPad = "UIInterfaceOrientationLandscapeLeft UIInterfaceOrientationLandscapeRight UIInterfaceOrientationPortrait UIInterfaceOrientationPortraitUpsideDown";
				IPHONEOS_DEPLOYMENT_TARGET = 13.0;
				LD_RUNPATH_SEARCH_PATHS = (
					"$(inherited)",
					"@executable_path/Frameworks",
				);
				MARKETING_VERSION = 1.0;
				PRODUCT_BUNDLE_IDENTIFIER = com.weathertestapp.WeatherTestApp;
				PRODUCT_NAME = "$(TARGET_NAME)";
				SUPPORTED_PLATFORMS = "iphoneos iphonesimulator";
				SUPPORTS_MACCATALYST = NO;
				SUPPORTS_MAC_DESIGNED_FOR_IPHONE_IPAD = NO;
				SWIFT_EMIT_LOC_STRINGS = YES;
				SWIFT_VERSION = 5.0;
				TARGETED_DEVICE_FAMILY = 1;
			};
			name = Debug;
		};
		89CA43FA2930001900CD865A /* Release */ = {
			isa = XCBuildConfiguration;
			buildSettings = {
				ASSETCATALOG_COMPILER_APPICON_NAME = AppIcon;
				ASSETCATALOG_COMPILER_GLOBAL_ACCENT_COLOR_NAME = AccentColor;
				CODE_SIGN_STYLE = Automatic;
				CURRENT_PROJECT_VERSION = 1;
				DEVELOPMENT_TEAM = 97L2996NM5;
				GENERATE_INFOPLIST_FILE = YES;
				INFOPLIST_FILE = WeatherTestApp/Info.plist;
				INFOPLIST_KEY_CFBundleDisplayName = WeatherTestApp;
				INFOPLIST_KEY_UIApplicationSupportsIndirectInputEvents = YES;
				INFOPLIST_KEY_UILaunchStoryboardName = LaunchScreen;
				INFOPLIST_KEY_UIStatusBarStyle = UIStatusBarStyleDarkContent;
				INFOPLIST_KEY_UISupportedInterfaceOrientations = UIInterfaceOrientationPortrait;
				INFOPLIST_KEY_UISupportedInterfaceOrientations_iPad = "UIInterfaceOrientationLandscapeLeft UIInterfaceOrientationLandscapeRight UIInterfaceOrientationPortrait UIInterfaceOrientationPortraitUpsideDown";
				IPHONEOS_DEPLOYMENT_TARGET = 13.0;
				LD_RUNPATH_SEARCH_PATHS = (
					"$(inherited)",
					"@executable_path/Frameworks",
				);
				MARKETING_VERSION = 1.0;
				PRODUCT_BUNDLE_IDENTIFIER = com.weathertestapp.WeatherTestApp;
				PRODUCT_NAME = "$(TARGET_NAME)";
				SUPPORTED_PLATFORMS = "iphoneos iphonesimulator";
				SUPPORTS_MACCATALYST = NO;
				SUPPORTS_MAC_DESIGNED_FOR_IPHONE_IPAD = NO;
				SWIFT_EMIT_LOC_STRINGS = YES;
				SWIFT_VERSION = 5.0;
				TARGETED_DEVICE_FAMILY = 1;
			};
			name = Release;
		};
/* End XCBuildConfiguration section */

/* Begin XCConfigurationList section */
		89CA43DC2930001800CD865A /* Build configuration list for PBXProject "WeatherTestApp" */ = {
			isa = XCConfigurationList;
			buildConfigurations = (
				89CA43F62930001900CD865A /* Debug */,
				89CA43F72930001900CD865A /* Release */,
			);
			defaultConfigurationIsVisible = 0;
			defaultConfigurationName = Release;
		};
		89CA43F82930001900CD865A /* Build configuration list for PBXNativeTarget "WeatherTestApp" */ = {
			isa = XCConfigurationList;
			buildConfigurations = (
				89CA43F92930001900CD865A /* Debug */,
				89CA43FA2930001900CD865A /* Release */,
			);
			defaultConfigurationIsVisible = 0;
			defaultConfigurationName = Release;
		};
/* End XCConfigurationList section */
	};
	rootObject = 89CA43D92930001800CD865A /* Project object */;
}
